// !$*UTF8*$!
{
	archiveVersion = 1;
	classes = {
	};
	objectVersion = 56;
	objects = {

/* Begin PBXBuildFile section */
		E5C76A4129A2B8B5009FDCCC /* ErrorHandling.swift in Sources */ = {isa = PBXBuildFile; fileRef = E5C76A4029A2B8B5009FDCCC /* ErrorHandling.swift */; };
		E5C7DB0429A2A43E009FDCCC /* VoiseTaskApp.swift in Sources */ = {isa = PBXBuildFile; fileRef = E5C7DB0329A2A43E009FDCCC /* VoiseTaskApp.swift */; };
		E5C7DB0629A2A43E009FDCCC /* ContentView.swift in Sources */ = {isa = PBXBuildFile; fileRef = E5C7DB0529A2A43E009FDCCC /* ContentView.swift */; };
		E5C7DB0829A2A43F009FDCCC /* Assets.xcassets in Resources */ = {isa = PBXBuildFile; fileRef = E5C7DB0729A2A43F009FDCCC /* Assets.xcassets */; };
		E5C7DB0C29A2A43F009FDCCC /* Preview Assets.xcassets in Resources */ = {isa = PBXBuildFile; fileRef = E5C7DB0B29A2A43F009FDCCC /* Preview Assets.xcassets */; };
		E5C7DB1729A2B6E6009FDCCC /* Alamofire in Frameworks */ = {isa = PBXBuildFile; productRef = E5C7DB1629A2B6E6009FDCCC /* Alamofire */; };
		E5C7DB2129A2B7A4009FDCCC /* TargetType.swift in Sources */ = {isa = PBXBuildFile; fileRef = E5C7DB1C29A2B7A4009FDCCC /* TargetType.swift */; };
		E5C7DB2229A2B7A4009FDCCC /* BaseAPI.swift in Sources */ = {isa = PBXBuildFile; fileRef = E5C7DB1D29A2B7A4009FDCCC /* BaseAPI.swift */; };
		E5C7DB2329A2B7A4009FDCCC /* Api.swift in Sources */ = {isa = PBXBuildFile; fileRef = E5C7DB1F29A2B7A4009FDCCC /* Api.swift */; };
		E5C7DB2429A2B7A4009FDCCC /* Networking.swift in Sources */ = {isa = PBXBuildFile; fileRef = E5C7DB2029A2B7A4009FDCCC /* Networking.swift */; };
/* End PBXBuildFile section */

/* Begin PBXFileReference section */
		E5C76A4029A2B8B5009FDCCC /* ErrorHandling.swift */ = {isa = PBXFileReference; fileEncoding = 4; lastKnownFileType = sourcecode.swift; path = ErrorHandling.swift; sourceTree = "<group>"; };
		E5C7DB0029A2A43E009FDCCC /* VoiseTask.app */ = {isa = PBXFileReference; explicitFileType = wrapper.application; includeInIndex = 0; path = VoiseTask.app; sourceTree = BUILT_PRODUCTS_DIR; };
		E5C7DB0329A2A43E009FDCCC /* VoiseTaskApp.swift */ = {isa = PBXFileReference; lastKnownFileType = sourcecode.swift; path = VoiseTaskApp.swift; sourceTree = "<group>"; };
		E5C7DB0529A2A43E009FDCCC /* ContentView.swift */ = {isa = PBXFileReference; lastKnownFileType = sourcecode.swift; path = ContentView.swift; sourceTree = "<group>"; };
		E5C7DB0729A2A43F009FDCCC /* Assets.xcassets */ = {isa = PBXFileReference; lastKnownFileType = folder.assetcatalog; path = Assets.xcassets; sourceTree = "<group>"; };
		E5C7DB0929A2A43F009FDCCC /* VoiseTask.entitlements */ = {isa = PBXFileReference; lastKnownFileType = text.plist.entitlements; path = VoiseTask.entitlements; sourceTree = "<group>"; };
		E5C7DB0B29A2A43F009FDCCC /* Preview Assets.xcassets */ = {isa = PBXFileReference; lastKnownFileType = folder.assetcatalog; path = "Preview Assets.xcassets"; sourceTree = "<group>"; };
		E5C7DB1C29A2B7A4009FDCCC /* TargetType.swift */ = {isa = PBXFileReference; fileEncoding = 4; lastKnownFileType = sourcecode.swift; path = TargetType.swift; sourceTree = "<group>"; };
		E5C7DB1D29A2B7A4009FDCCC /* BaseAPI.swift */ = {isa = PBXFileReference; fileEncoding = 4; lastKnownFileType = sourcecode.swift; path = BaseAPI.swift; sourceTree = "<group>"; };
		E5C7DB1F29A2B7A4009FDCCC /* Api.swift */ = {isa = PBXFileReference; fileEncoding = 4; lastKnownFileType = sourcecode.swift; path = Api.swift; sourceTree = "<group>"; };
		E5C7DB2029A2B7A4009FDCCC /* Networking.swift */ = {isa = PBXFileReference; fileEncoding = 4; lastKnownFileType = sourcecode.swift; path = Networking.swift; sourceTree = "<group>"; };
/* End PBXFileReference section */

/* Begin PBXFrameworksBuildPhase section */
		E5C7DAFD29A2A43E009FDCCC /* Frameworks */ = {
			isa = PBXFrameworksBuildPhase;
			buildActionMask = 2147483647;
			files = (
				E5C7DB1729A2B6E6009FDCCC /* Alamofire in Frameworks */,
			);
			runOnlyForDeploymentPostprocessing = 0;
		};
/* End PBXFrameworksBuildPhase section */

/* Begin PBXGroup section */
		E5C7DAF729A2A43E009FDCCC = {
			isa = PBXGroup;
			children = (
				E5C7DB0229A2A43E009FDCCC /* VoiseTask */,
				E5C7DB0129A2A43E009FDCCC /* Products */,
			);
			sourceTree = "<group>";
		};
		E5C7DB0129A2A43E009FDCCC /* Products */ = {
			isa = PBXGroup;
			children = (
				E5C7DB0029A2A43E009FDCCC /* VoiseTask.app */,
			);
			name = Products;
			sourceTree = "<group>";
		};
		E5C7DB0229A2A43E009FDCCC /* VoiseTask */ = {
			isa = PBXGroup;
			children = (
				E5C7DB1829A2B700009FDCCC /* Helpers */,
				E5C7DB1329A2B454009FDCCC /* Models */,
				E5C7DB1229A2B44A009FDCCC /* Views */,
				E5C7DB0329A2A43E009FDCCC /* VoiseTaskApp.swift */,
				E5C7DB0529A2A43E009FDCCC /* ContentView.swift */,
				E5C7DB0729A2A43F009FDCCC /* Assets.xcassets */,
				E5C7DB0929A2A43F009FDCCC /* VoiseTask.entitlements */,
				E5C7DB0A29A2A43F009FDCCC /* Preview Content */,
			);
			path = VoiseTask;
			sourceTree = "<group>";
		};
		E5C7DB0A29A2A43F009FDCCC /* Preview Content */ = {
			isa = PBXGroup;
			children = (
				E5C7DB0B29A2A43F009FDCCC /* Preview Assets.xcassets */,
			);
			path = "Preview Content";
			sourceTree = "<group>";
		};
		E5C7DB1229A2B44A009FDCCC /* Views */ = {
			isa = PBXGroup;
			children = (
			);
			path = Views;
			sourceTree = "<group>";
		};
		E5C7DB1329A2B454009FDCCC /* Models */ = {
			isa = PBXGroup;
			children = (
			);
			path = Models;
			sourceTree = "<group>";
		};
		E5C7DB1829A2B700009FDCCC /* Helpers */ = {
			isa = PBXGroup;
			children = (
				E5C7DB1929A2B73B009FDCCC /* NetworkLayer */,
			);
			path = Helpers;
			sourceTree = "<group>";
		};
		E5C7DB1929A2B73B009FDCCC /* NetworkLayer */ = {
			isa = PBXGroup;
			children = (
				E5C76A4029A2B8B5009FDCCC /* ErrorHandling.swift */,
				E5C7DB1B29A2B7A4009FDCCC /* Base */,
				E5C7DB1E29A2B7A4009FDCCC /* Networking */,
			);
			path = NetworkLayer;
			sourceTree = "<group>";
		};
		E5C7DB1B29A2B7A4009FDCCC /* Base */ = {
			isa = PBXGroup;
			children = (
				E5C7DB1C29A2B7A4009FDCCC /* TargetType.swift */,
				E5C7DB1D29A2B7A4009FDCCC /* BaseAPI.swift */,
			);
			path = Base;
			sourceTree = "<group>";
		};
		E5C7DB1E29A2B7A4009FDCCC /* Networking */ = {
			isa = PBXGroup;
			children = (
				E5C7DB1F29A2B7A4009FDCCC /* Api.swift */,
				E5C7DB2029A2B7A4009FDCCC /* Networking.swift */,
			);
			path = Networking;
			sourceTree = "<group>";
		};
/* End PBXGroup section */

/* Begin PBXNativeTarget section */
		E5C7DAFF29A2A43E009FDCCC /* VoiseTask */ = {
			isa = PBXNativeTarget;
			buildConfigurationList = E5C7DB0F29A2A43F009FDCCC /* Build configuration list for PBXNativeTarget "VoiseTask" */;
			buildPhases = (
				E5C7DAFC29A2A43E009FDCCC /* Sources */,
				E5C7DAFD29A2A43E009FDCCC /* Frameworks */,
				E5C7DAFE29A2A43E009FDCCC /* Resources */,
			);
			buildRules = (
			);
			dependencies = (
			);
			name = VoiseTask;
			packageProductDependencies = (
				E5C7DB1629A2B6E6009FDCCC /* Alamofire */,
			);
			productName = VoiseTask;
			productReference = E5C7DB0029A2A43E009FDCCC /* VoiseTask.app */;
			productType = "com.apple.product-type.application";
		};
/* End PBXNativeTarget section */

/* Begin PBXProject section */
		E5C7DAF829A2A43E009FDCCC /* Project object */ = {
			isa = PBXProject;
			attributes = {
				BuildIndependentTargetsInParallel = 1;
				LastSwiftUpdateCheck = 1420;
				LastUpgradeCheck = 1420;
				TargetAttributes = {
					E5C7DAFF29A2A43E009FDCCC = {
						CreatedOnToolsVersion = 14.2;
					};
				};
			};
			buildConfigurationList = E5C7DAFB29A2A43E009FDCCC /* Build configuration list for PBXProject "VoiseTask" */;
			compatibilityVersion = "Xcode 14.0";
			developmentRegion = en;
			hasScannedForEncodings = 0;
			knownRegions = (
				en,
				Base,
			);
			mainGroup = E5C7DAF729A2A43E009FDCCC;
			packageReferences = (
				E5C7DB1529A2B6E6009FDCCC /* XCRemoteSwiftPackageReference "Alamofire" */,
			);
			productRefGroup = E5C7DB0129A2A43E009FDCCC /* Products */;
			projectDirPath = "";
			projectRoot = "";
			targets = (
				E5C7DAFF29A2A43E009FDCCC /* VoiseTask */,
			);
		};
/* End PBXProject section */

/* Begin PBXResourcesBuildPhase section */
		E5C7DAFE29A2A43E009FDCCC /* Resources */ = {
			isa = PBXResourcesBuildPhase;
			buildActionMask = 2147483647;
			files = (
				E5C7DB0C29A2A43F009FDCCC /* Preview Assets.xcassets in Resources */,
				E5C7DB0829A2A43F009FDCCC /* Assets.xcassets in Resources */,
			);
			runOnlyForDeploymentPostprocessing = 0;
		};
/* End PBXResourcesBuildPhase section */

/* Begin PBXSourcesBuildPhase section */
		E5C7DAFC29A2A43E009FDCCC /* Sources */ = {
			isa = PBXSourcesBuildPhase;
			buildActionMask = 2147483647;
			files = (
				E5C7DB2329A2B7A4009FDCCC /* Api.swift in Sources */,
				E5C7DB2129A2B7A4009FDCCC /* TargetType.swift in Sources */,
				E5C76A4129A2B8B5009FDCCC /* ErrorHandling.swift in Sources */,
				E5C7DB2429A2B7A4009FDCCC /* Networking.swift in Sources */,
				E5C7DB2229A2B7A4009FDCCC /* BaseAPI.swift in Sources */,
				E5C7DB0629A2A43E009FDCCC /* ContentView.swift in Sources */,
				E5C7DB0429A2A43E009FDCCC /* VoiseTaskApp.swift in Sources */,
			);
			runOnlyForDeploymentPostprocessing = 0;
		};
/* End PBXSourcesBuildPhase section */

/* Begin XCBuildConfiguration section */
		E5C7DB0D29A2A43F009FDCCC /* Debug */ = {
			isa = XCBuildConfiguration;
			buildSettings = {
				ALWAYS_SEARCH_USER_PATHS = NO;
				CLANG_ANALYZER_NONNULL = YES;
				CLANG_ANALYZER_NUMBER_OBJECT_CONVERSION = YES_AGGRESSIVE;
				CLANG_CXX_LANGUAGE_STANDARD = "gnu++20";
				CLANG_ENABLE_MODULES = YES;
				CLANG_ENABLE_OBJC_ARC = YES;
				CLANG_ENABLE_OBJC_WEAK = YES;
				CLANG_WARN_BLOCK_CAPTURE_AUTORELEASING = YES;
				CLANG_WARN_BOOL_CONVERSION = YES;
				CLANG_WARN_COMMA = YES;
				CLANG_WARN_CONSTANT_CONVERSION = YES;
				CLANG_WARN_DEPRECATED_OBJC_IMPLEMENTATIONS = YES;
				CLANG_WARN_DIRECT_OBJC_ISA_USAGE = YES_ERROR;
				CLANG_WARN_DOCUMENTATION_COMMENTS = YES;
				CLANG_WARN_EMPTY_BODY = YES;
				CLANG_WARN_ENUM_CONVERSION = YES;
				CLANG_WARN_INFINITE_RECURSION = YES;
				CLANG_WARN_INT_CONVERSION = YES;
				CLANG_WARN_NON_LITERAL_NULL_CONVERSION = YES;
				CLANG_WARN_OBJC_IMPLICIT_RETAIN_SELF = YES;
				CLANG_WARN_OBJC_LITERAL_CONVERSION = YES;
				CLANG_WARN_OBJC_ROOT_CLASS = YES_ERROR;
				CLANG_WARN_QUOTED_INCLUDE_IN_FRAMEWORK_HEADER = YES;
				CLANG_WARN_RANGE_LOOP_ANALYSIS = YES;
				CLANG_WARN_STRICT_PROTOTYPES = YES;
				CLANG_WARN_SUSPICIOUS_MOVE = YES;
				CLANG_WARN_UNGUARDED_AVAILABILITY = YES_AGGRESSIVE;
				CLANG_WARN_UNREACHABLE_CODE = YES;
				CLANG_WARN__DUPLICATE_METHOD_MATCH = YES;
				COPY_PHASE_STRIP = NO;
				DEBUG_INFORMATION_FORMAT = dwarf;
				ENABLE_STRICT_OBJC_MSGSEND = YES;
				ENABLE_TESTABILITY = YES;
				GCC_C_LANGUAGE_STANDARD = gnu11;
				GCC_DYNAMIC_NO_PIC = NO;
				GCC_NO_COMMON_BLOCKS = YES;
				GCC_OPTIMIZATION_LEVEL = 0;
				GCC_PREPROCESSOR_DEFINITIONS = (
					"DEBUG=1",
					"$(inherited)",
				);
				GCC_WARN_64_TO_32_BIT_CONVERSION = YES;
				GCC_WARN_ABOUT_RETURN_TYPE = YES_ERROR;
				GCC_WARN_UNDECLARED_SELECTOR = YES;
				GCC_WARN_UNINITIALIZED_AUTOS = YES_AGGRESSIVE;
				GCC_WARN_UNUSED_FUNCTION = YES;
				GCC_WARN_UNUSED_VARIABLE = YES;
				MTL_ENABLE_DEBUG_INFO = INCLUDE_SOURCE;
				MTL_FAST_MATH = YES;
				ONLY_ACTIVE_ARCH = YES;
				SWIFT_ACTIVE_COMPILATION_CONDITIONS = DEBUG;
				SWIFT_OPTIMIZATION_LEVEL = "-Onone";
			};
			name = Debug;
		};
		E5C7DB0E29A2A43F009FDCCC /* Release */ = {
			isa = XCBuildConfiguration;
			buildSettings = {
				ALWAYS_SEARCH_USER_PATHS = NO;
				CLANG_ANALYZER_NONNULL = YES;
				CLANG_ANALYZER_NUMBER_OBJECT_CONVERSION = YES_AGGRESSIVE;
				CLANG_CXX_LANGUAGE_STANDARD = "gnu++20";
				CLANG_ENABLE_MODULES = YES;
				CLANG_ENABLE_OBJC_ARC = YES;
				CLANG_ENABLE_OBJC_WEAK = YES;
				CLANG_WARN_BLOCK_CAPTURE_AUTORELEASING = YES;
				CLANG_WARN_BOOL_CONVERSION = YES;
				CLANG_WARN_COMMA = YES;
				CLANG_WARN_CONSTANT_CONVERSION = YES;
				CLANG_WARN_DEPRECATED_OBJC_IMPLEMENTATIONS = YES;
				CLANG_WARN_DIRECT_OBJC_ISA_USAGE = YES_ERROR;
				CLANG_WARN_DOCUMENTATION_COMMENTS = YES;
				CLANG_WARN_EMPTY_BODY = YES;
				CLANG_WARN_ENUM_CONVERSION = YES;
				CLANG_WARN_INFINITE_RECURSION = YES;
				CLANG_WARN_INT_CONVERSION = YES;
				CLANG_WARN_NON_LITERAL_NULL_CONVERSION = YES;
				CLANG_WARN_OBJC_IMPLICIT_RETAIN_SELF = YES;
				CLANG_WARN_OBJC_LITERAL_CONVERSION = YES;
				CLANG_WARN_OBJC_ROOT_CLASS = YES_ERROR;
				CLANG_WARN_QUOTED_INCLUDE_IN_FRAMEWORK_HEADER = YES;
				CLANG_WARN_RANGE_LOOP_ANALYSIS = YES;
				CLANG_WARN_STRICT_PROTOTYPES = YES;
				CLANG_WARN_SUSPICIOUS_MOVE = YES;
				CLANG_WARN_UNGUARDED_AVAILABILITY = YES_AGGRESSIVE;
				CLANG_WARN_UNREACHABLE_CODE = YES;
				CLANG_WARN__DUPLICATE_METHOD_MATCH = YES;
				COPY_PHASE_STRIP = NO;
				DEBUG_INFORMATION_FORMAT = "dwarf-with-dsym";
				ENABLE_NS_ASSERTIONS = NO;
				ENABLE_STRICT_OBJC_MSGSEND = YES;
				GCC_C_LANGUAGE_STANDARD = gnu11;
				GCC_NO_COMMON_BLOCKS = YES;
				GCC_WARN_64_TO_32_BIT_CONVERSION = YES;
				GCC_WARN_ABOUT_RETURN_TYPE = YES_ERROR;
				GCC_WARN_UNDECLARED_SELECTOR = YES;
				GCC_WARN_UNINITIALIZED_AUTOS = YES_AGGRESSIVE;
				GCC_WARN_UNUSED_FUNCTION = YES;
				GCC_WARN_UNUSED_VARIABLE = YES;
				MTL_ENABLE_DEBUG_INFO = NO;
				MTL_FAST_MATH = YES;
				SWIFT_COMPILATION_MODE = wholemodule;
				SWIFT_OPTIMIZATION_LEVEL = "-O";
			};
			name = Release;
		};
		E5C7DB1029A2A43F009FDCCC /* Debug */ = {
			isa = XCBuildConfiguration;
			buildSettings = {
				ASSETCATALOG_COMPILER_APPICON_NAME = AppIcon;
				ASSETCATALOG_COMPILER_GLOBAL_ACCENT_COLOR_NAME = AccentColor;
				CODE_SIGN_ENTITLEMENTS = VoiseTask/VoiseTask.entitlements;
				CODE_SIGN_STYLE = Automatic;
				CURRENT_PROJECT_VERSION = 1;
				DEVELOPMENT_ASSET_PATHS = "\"VoiseTask/Preview Content\"";
				DEVELOPMENT_TEAM = X2RF29PSBP;
				ENABLE_HARDENED_RUNTIME = YES;
				ENABLE_PREVIEWS = YES;
				GENERATE_INFOPLIST_FILE = YES;
				"INFOPLIST_KEY_UIApplicationSceneManifest_Generation[sdk=iphoneos*]" = YES;
				"INFOPLIST_KEY_UIApplicationSceneManifest_Generation[sdk=iphonesimulator*]" = YES;
				"INFOPLIST_KEY_UIApplicationSupportsIndirectInputEvents[sdk=iphoneos*]" = YES;
				"INFOPLIST_KEY_UIApplicationSupportsIndirectInputEvents[sdk=iphonesimulator*]" = YES;
				"INFOPLIST_KEY_UILaunchScreen_Generation[sdk=iphoneos*]" = YES;
				"INFOPLIST_KEY_UILaunchScreen_Generation[sdk=iphonesimulator*]" = YES;
				"INFOPLIST_KEY_UIStatusBarStyle[sdk=iphoneos*]" = UIStatusBarStyleDefault;
				"INFOPLIST_KEY_UIStatusBarStyle[sdk=iphonesimulator*]" = UIStatusBarStyleDefault;
				INFOPLIST_KEY_UISupportedInterfaceOrientations_iPad = "UIInterfaceOrientationPortrait UIInterfaceOrientationPortraitUpsideDown UIInterfaceOrientationLandscapeLeft UIInterfaceOrientationLandscapeRight";
				INFOPLIST_KEY_UISupportedInterfaceOrientations_iPhone = "UIInterfaceOrientationPortrait UIInterfaceOrientationLandscapeLeft UIInterfaceOrientationLandscapeRight";
				IPHONEOS_DEPLOYMENT_TARGET = 16.2;
				LD_RUNPATH_SEARCH_PATHS = "@executable_path/Frameworks";
				"LD_RUNPATH_SEARCH_PATHS[sdk=macosx*]" = "@executable_path/../Frameworks";
				MACOSX_DEPLOYMENT_TARGET = 13.1;
				MARKETING_VERSION = 1.0;
				PRODUCT_BUNDLE_IDENTIFIER = com.vodafone.voiceTask.VoiseTask;
				PRODUCT_NAME = "$(TARGET_NAME)";
				SDKROOT = auto;
				SUPPORTED_PLATFORMS = "iphoneos iphonesimulator macosx";
				SWIFT_EMIT_LOC_STRINGS = YES;
				SWIFT_VERSION = 5.0;
				TARGETED_DEVICE_FAMILY = "1,2";
			};
			name = Debug;
		};
		E5C7DB1129A2A43F009FDCCC /* Release */ = {
			isa = XCBuildConfiguration;
			buildSettings = {
				ASSETCATALOG_COMPILER_APPICON_NAME = AppIcon;
				ASSETCATALOG_COMPILER_GLOBAL_ACCENT_COLOR_NAME = AccentColor;
				CODE_SIGN_ENTITLEMENTS = VoiseTask/VoiseTask.entitlements;
				CODE_SIGN_STYLE = Automatic;
				CURRENT_PROJECT_VERSION = 1;
				DEVELOPMENT_ASSET_PATHS = "\"VoiseTask/Preview Content\"";
				DEVELOPMENT_TEAM = X2RF29PSBP;
				ENABLE_HARDENED_RUNTIME = YES;
				ENABLE_PREVIEWS = YES;
				GENERATE_INFOPLIST_FILE = YES;
				"INFOPLIST_KEY_UIApplicationSceneManifest_Generation[sdk=iphoneos*]" = YES;
				"INFOPLIST_KEY_UIApplicationSceneManifest_Generation[sdk=iphonesimulator*]" = YES;
				"INFOPLIST_KEY_UIApplicationSupportsIndirectInputEvents[sdk=iphoneos*]" = YES;
				"INFOPLIST_KEY_UIApplicationSupportsIndirectInputEvents[sdk=iphonesimulator*]" = YES;
				"INFOPLIST_KEY_UILaunchScreen_Generation[sdk=iphoneos*]" = YES;
				"INFOPLIST_KEY_UILaunchScreen_Generation[sdk=iphonesimulator*]" = YES;
				"INFOPLIST_KEY_UIStatusBarStyle[sdk=iphoneos*]" = UIStatusBarStyleDefault;
				"INFOPLIST_KEY_UIStatusBarStyle[sdk=iphonesimulator*]" = UIStatusBarStyleDefault;
				INFOPLIST_KEY_UISupportedInterfaceOrientations_iPad = "UIInterfaceOrientationPortrait UIInterfaceOrientationPortraitUpsideDown UIInterfaceOrientationLandscapeLeft UIInterfaceOrientationLandscapeRight";
				INFOPLIST_KEY_UISupportedInterfaceOrientations_iPhone = "UIInterfaceOrientationPortrait UIInterfaceOrientationLandscapeLeft UIInterfaceOrientationLandscapeRight";
				IPHONEOS_DEPLOYMENT_TARGET = 16.2;
				LD_RUNPATH_SEARCH_PATHS = "@executable_path/Frameworks";
				"LD_RUNPATH_SEARCH_PATHS[sdk=macosx*]" = "@executable_path/../Frameworks";
				MACOSX_DEPLOYMENT_TARGET = 13.1;
				MARKETING_VERSION = 1.0;
				PRODUCT_BUNDLE_IDENTIFIER = com.vodafone.voiceTask.VoiseTask;
				PRODUCT_NAME = "$(TARGET_NAME)";
				SDKROOT = auto;
				SUPPORTED_PLATFORMS = "iphoneos iphonesimulator macosx";
				SWIFT_EMIT_LOC_STRINGS = YES;
				SWIFT_VERSION = 5.0;
				TARGETED_DEVICE_FAMILY = "1,2";
			};
			name = Release;
		};
/* End XCBuildConfiguration section */

/* Begin XCConfigurationList section */
		E5C7DAFB29A2A43E009FDCCC /* Build configuration list for PBXProject "VoiseTask" */ = {
			isa = XCConfigurationList;
			buildConfigurations = (
				E5C7DB0D29A2A43F009FDCCC /* Debug */,
				E5C7DB0E29A2A43F009FDCCC /* Release */,
			);
			defaultConfigurationIsVisible = 0;
			defaultConfigurationName = Release;
		};
		E5C7DB0F29A2A43F009FDCCC /* Build configuration list for PBXNativeTarget "VoiseTask" */ = {
			isa = XCConfigurationList;
			buildConfigurations = (
				E5C7DB1029A2A43F009FDCCC /* Debug */,
				E5C7DB1129A2A43F009FDCCC /* Release */,
			);
			defaultConfigurationIsVisible = 0;
			defaultConfigurationName = Release;
		};
/* End XCConfigurationList section */

/* Begin XCRemoteSwiftPackageReference section */
		E5C7DB1529A2B6E6009FDCCC /* XCRemoteSwiftPackageReference "Alamofire" */ = {
			isa = XCRemoteSwiftPackageReference;
			repositoryURL = "https://github.com/Alamofire/Alamofire.git";
			requirement = {
				kind = upToNextMajorVersion;
				minimumVersion = 5.6.1;
			};
		};
/* End XCRemoteSwiftPackageReference section */

/* Begin XCSwiftPackageProductDependency section */
		E5C7DB1629A2B6E6009FDCCC /* Alamofire */ = {
			isa = XCSwiftPackageProductDependency;
			package = E5C7DB1529A2B6E6009FDCCC /* XCRemoteSwiftPackageReference "Alamofire" */;
			productName = Alamofire;
		};
/* End XCSwiftPackageProductDependency section */
	};
	rootObject = E5C7DAF829A2A43E009FDCCC /* Project object */;
}
